
Microsoft Visual Studio Solution File, Format Version 12.00
# Visual Studio Version 16
VisualStudioVersion = 16.0.30621.155
MinimumVisualStudioVersion = 10.0.40219.1
Project("{FAE04EC0-301F-11D3-BF4B-00C04F79EFBC}") = "RetailShop", "RetailShop\RetailShop.csproj", "{64CEC2AE-71F9-4EC9-9334-FD6F6CA209B0}"
EndProject
Project("{FAE04EC0-301F-11D3-BF4B-00C04F79EFBC}") = "RetailShop.Core", "RetailShop.Core\RetailShop.Core.csproj", "{622D5122-7D54-4759-8BC7-FF22DA2A5F43}"
EndProject
Project("{FAE04EC0-301F-11D3-BF4B-00C04F79EFBC}") = "RetailShop.Data", "RetailShop.Data\RetailShop.Data.csproj", "{2FD663DF-B0DC-4813-8CA1-04574C1ADFDB}"
EndProject
Global
	GlobalSection(SolutionConfigurationPlatforms) = preSolution
		Debug|Any CPU = Debug|Any CPU
		Release|Any CPU = Release|Any CPU
	EndGlobalSection
	GlobalSection(ProjectConfigurationPlatforms) = postSolution
		{64CEC2AE-71F9-4EC9-9334-FD6F6CA209B0}.Debug|Any CPU.ActiveCfg = Debug|Any CPU
		{64CEC2AE-71F9-4EC9-9334-FD6F6CA209B0}.Debug|Any CPU.Build.0 = Debug|Any CPU
		{64CEC2AE-71F9-4EC9-9334-FD6F6CA209B0}.Release|Any CPU.ActiveCfg = Release|Any CPU
		{64CEC2AE-71F9-4EC9-9334-FD6F6CA209B0}.Release|Any CPU.Build.0 = Release|Any CPU
		{622D5122-7D54-4759-8BC7-FF22DA2A5F43}.Debug|Any CPU.ActiveCfg = Debug|Any CPU
		{622D5122-7D54-4759-8BC7-FF22DA2A5F43}.Debug|Any CPU.Build.0 = Debug|Any CPU
		{622D5122-7D54-4759-8BC7-FF22DA2A5F43}.Release|Any CPU.ActiveCfg = Release|Any CPU
		{622D5122-7D54-4759-8BC7-FF22DA2A5F43}.Release|Any CPU.Build.0 = Release|Any CPU
		{2FD663DF-B0DC-4813-8CA1-04574C1ADFDB}.Debug|Any CPU.ActiveCfg = Debug|Any CPU
		{2FD663DF-B0DC-4813-8CA1-04574C1ADFDB}.Debug|Any CPU.Build.0 = Debug|Any CPU
		{2FD663DF-B0DC-4813-8CA1-04574C1ADFDB}.Release|Any CPU.ActiveCfg = Release|Any CPU
		{2FD663DF-B0DC-4813-8CA1-04574C1ADFDB}.Release|Any CPU.Build.0 = Release|Any CPU
	EndGlobalSection
	GlobalSection(SolutionProperties) = preSolution
		HideSolutionNode = FALSE
	EndGlobalSection
	GlobalSection(ExtensibilityGlobals) = postSolution
		SolutionGuid = {3C8D1757-87BE-407A-B65E-E43ED6CA584A}
	EndGlobalSection
EndGlobal
